<?xml version="1.0" encoding="utf-8"?>
<Project ToolsVersion="4.0" xmlns="http://schemas.microsoft.com/developer/msbuild/2003">
  <ItemGroup>
    <ClCompile Include="Render\Camera.cpp">
      <Filter>Render</Filter>
    </ClCompile>
    <ClCompile Include="Render\Render.cpp">
      <Filter>Render</Filter>
    </ClCompile>
    <ClCompile Include="callbacks.cpp">
      <Filter>base</Filter>
    </ClCompile>
    <ClCompile Include="RenderUtils.cpp">
      <Filter>base</Filter>
    </ClCompile>
    <ClCompile Include="SceneP1.cpp">
      <Filter>P1</Filter>
    </ClCompile>
    <ClCompile Include="Scene.cpp">
      <Filter>base</Filter>
    </ClCompile>
    <ClCompile Include="Object.cpp">
      <Filter>base</Filter>
    </ClCompile>
    <ClCompile Include="main.cpp">
      <Filter>base</Filter>
    </ClCompile>
    <ClCompile Include="ParticleSystem.cpp" />
    <ClCompile Include="SceneP2.cpp">
      <Filter>P2</Filter>
    </ClCompile>
    <ClCompile Include="ParticleSystemP2.cpp">
      <Filter>P2</Filter>
    </ClCompile>
    <ClCompile Include="CircleGenerator.cpp">
      <Filter>Generator</Filter>
    </ClCompile>
    <ClCompile Include="TornadoSystem.cpp">
      <Filter>Generator</Filter>
    </ClCompile>
    <ClCompile Include="UniformParticleGenerator.cpp">
      <Filter>Generator</Filter>
    </ClCompile>
    <ClCompile Include="GaussianParticleGenerator.cpp">
      <Filter>Generator</Filter>
    </ClCompile>
    <ClCompile Include="FireworkSystem.cpp">
      <Filter>Generator</Filter>
    </ClCompile>
    <ClCompile Include="Fountain.cpp">
      <Filter>Generator</Filter>
    </ClCompile>
    <ClCompile Include="ParticleGenerator.cpp">
      <Filter>Generator</Filter>
    </ClCompile>
    <ClCompile Include="Particle.cpp">
      <Filter>Particles</Filter>
    </ClCompile>
    <ClCompile Include="Proyectil.cpp">
      <Filter>Particles</Filter>
    </ClCompile>
    <ClCompile Include="Fireword.cpp">
      <Filter>Particles</Filter>
    </ClCompile>
    <ClCompile Include="TurnParticle.cpp">
      <Filter>Particles</Filter>
    </ClCompile>
    <ClCompile Include="SceneP3.cpp">
      <Filter>P3</Filter>
    </ClCompile>
    <ClCompile Include="ParticleSystemP3.cpp">
      <Filter>P3</Filter>
    </ClCompile>
    <ClCompile Include="Fountain_mass.cpp">
      <Filter>Generator</Filter>
    </ClCompile>
    <ClCompile Include="WhirlwindsForceGenerator.cpp">
      <Filter>Forces</Filter>
    </ClCompile>
    <ClCompile Include="WindForceGenerator.cpp">
      <Filter>Forces</Filter>
    </ClCompile>
    <ClCompile Include="ExplosionForceGenerator.cpp">
      <Filter>Forces</Filter>
    </ClCompile>
    <ClCompile Include="ForceGenerator.cpp">
      <Filter>Forces</Filter>
    </ClCompile>
    <ClCompile Include="GravityForceGenerator.cpp">
      <Filter>Forces</Filter>
    </ClCompile>
    <ClCompile Include="ParticleDragGenerator.cpp">
      <Filter>Forces</Filter>
    </ClCompile>
    <ClCompile Include="BoxParticle.cpp">
      <Filter>Particles</Filter>
    </ClCompile>
    <ClCompile Include="AnchoredSpringFG.cpp">
      <Filter>Forces</Filter>
    </ClCompile>
    <ClCompile Include="BuoyancyForceGenerator.cpp">
      <Filter>Forces</Filter>
    </ClCompile>
    <ClCompile Include="ElasticWireFG.cpp">
      <Filter>Forces</Filter>
    </ClCompile>
    <ClCompile Include="SpringForceGenerator.cpp">
      <Filter>Forces</Filter>
    </ClCompile>
    <ClCompile Include="SceneP4.cpp">
      <Filter>P4</Filter>
    </ClCompile>
    <ClCompile Include="ParticleSystemP4.cpp">
      <Filter>P4</Filter>
    </ClCompile>
  </ItemGroup>
  <ItemGroup>
    <ClInclude Include="Render\Camera.h">
      <Filter>Render</Filter>
    </ClInclude>
    <ClInclude Include="Render\Render.h">
      <Filter>Render</Filter>
    </ClInclude>
    <ClInclude Include="callbacks.hpp">
      <Filter>base</Filter>
    </ClInclude>
    <ClInclude Include="core.hpp">
      <Filter>base</Filter>
    </ClInclude>
    <ClInclude Include="RenderUtils.hpp">
      <Filter>base</Filter>
    </ClInclude>
    <ClInclude Include="SceneP1.h">
      <Filter>P1</Filter>
    </ClInclude>
    <ClInclude Include="def.h">
      <Filter>base</Filter>
    </ClInclude>
    <ClInclude Include="Object.h">
      <Filter>base</Filter>
    </ClInclude>
    <ClInclude Include="Scene.h">
      <Filter>base</Filter>
    </ClInclude>
    <ClInclude Include="ParticleSystem.h" />
    <ClInclude Include="System.h">
      <Filter>base</Filter>
    </ClInclude>
    <ClInclude Include="SceneP2.h">
      <Filter>P2</Filter>
    </ClInclude>
    <ClInclude Include="ParticleSystemP2.h">
      <Filter>P2</Filter>
    </ClInclude>
    <ClInclude Include="CircleGenerator.h">
      <Filter>Generator</Filter>
    </ClInclude>
    <ClInclude Include="TornadoSystem.h">
      <Filter>Generator</Filter>
    </ClInclude>
    <ClInclude Include="UniformParticleGenerator.h">
      <Filter>Generator</Filter>
    </ClInclude>
    <ClInclude Include="GaussianParticleGenerator.h">
      <Filter>Generator</Filter>
    </ClInclude>
    <ClInclude Include="FireworkSystem.h">
      <Filter>Generator</Filter>
    </ClInclude>
    <ClInclude Include="Fountain.h">
      <Filter>Generator</Filter>
    </ClInclude>
    <ClInclude Include="ParticleGenerator.h">
      <Filter>Generator</Filter>
    </ClInclude>
    <ClInclude Include="Particle.h">
      <Filter>Particles</Filter>
    </ClInclude>
    <ClInclude Include="Proyectil.h">
      <Filter>Particles</Filter>
    </ClInclude>
    <ClInclude Include="Fireword.h">
      <Filter>Particles</Filter>
    </ClInclude>
    <ClInclude Include="TurnParticle.h">
      <Filter>Particles</Filter>
    </ClInclude>
    <ClInclude Include="ParticleForceRegistry.h" />
    <ClInclude Include="SceneP3.h">
      <Filter>P3</Filter>
    </ClInclude>
    <ClInclude Include="ParticleSystemP3.h">
      <Filter>P3</Filter>
    </ClInclude>
    <ClInclude Include="Fountain_mass.h">
      <Filter>Generator</Filter>
    </ClInclude>
    <ClInclude Include="WhirlwindsForceGenerator.h">
      <Filter>Forces</Filter>
    </ClInclude>
    <ClInclude Include="WindForceGenerator.h">
      <Filter>Forces</Filter>
    </ClInclude>
    <ClInclude Include="ExplosionForceGenerator.h">
      <Filter>Forces</Filter>
    </ClInclude>
    <ClInclude Include="ForceGenerator.h">
      <Filter>Forces</Filter>
    </ClInclude>
    <ClInclude Include="GravityForceGenerator.h">
      <Filter>Forces</Filter>
    </ClInclude>
    <ClInclude Include="ParticleDragGenerator.h">
      <Filter>Forces</Filter>
    </ClInclude>
    <ClInclude Include="checkML.h" />
    <ClInclude Include="BoxParticle.h">
      <Filter>Particles</Filter>
    </ClInclude>
    <ClInclude Include="AnchoredSpringFG.h">
      <Filter>Forces</Filter>
    </ClInclude>
    <ClInclude Include="BuoyancyForceGenerator.h">
      <Filter>Forces</Filter>
    </ClInclude>
    <ClInclude Include="ElasticWireFG.h">
      <Filter>Forces</Filter>
    </ClInclude>
    <ClInclude Include="SpringForceGenerator.h">
      <Filter>Forces</Filter>
    </ClInclude>
    <ClInclude Include="SceneP4.h">
      <Filter>P4</Filter>
    </ClInclude>
    <ClInclude Include="ParticleSystemP4.h">
      <Filter>P4</Filter>
    </ClInclude>
  </ItemGroup>
  <ItemGroup>
    <Filter Include="Render">
      <UniqueIdentifier>{d04b4f9f-5a69-465e-8070-25c6d0bcd3c2}</UniqueIdentifier>
    </Filter>
    <Filter Include="base">
      <UniqueIdentifier>{0f3a7ce9-50b7-4d07-b0cd-964e7ab2cb3b}</UniqueIdentifier>
    </Filter>
    <Filter Include="P1">
      <UniqueIdentifier>{75127805-39bc-4ff1-8c0b-4a291d268b22}</UniqueIdentifier>
    </Filter>
    <Filter Include="P2">
      <UniqueIdentifier>{6293fc92-8d29-4449-af4b-111dc1df2e80}</UniqueIdentifier>
    </Filter>
    <Filter Include="P3">
      <UniqueIdentifier>{d9b574aa-6112-46fb-952b-82d7b2fdcc95}</UniqueIdentifier>
    </Filter>
    <Filter Include="Forces">
      <UniqueIdentifier>{30fd5f32-6d99-4d4c-912f-88d35e1c2087}</UniqueIdentifier>
    </Filter>
    <Filter Include="Particles">
      <UniqueIdentifier>{390f77b7-84ab-48dd-84d9-62cdcc26086a}</UniqueIdentifier>
    </Filter>
    <Filter Include="Generator">
      <UniqueIdentifier>{0f5bc6a4-0345-455f-bc21-be1e8b4b0b52}</UniqueIdentifier>
    </Filter>
    <Filter Include="P4">
      <UniqueIdentifier>{42b084e5-a65f-4fa2-9aae-f2506cd26f45}</UniqueIdentifier>
    </Filter>
  </ItemGroup>
</Project>